// !$*UTF8*$!
{
	archiveVersion = 1;
	classes = {
	};
	objectVersion = 56;
	objects = {

/* Begin PBXBuildFile section */
		1F639FDA2B51FF28002CDBB9 /* dvorak_challengeApp.swift in Sources */ = {isa = PBXBuildFile; fileRef = 1F639FD92B51FF28002CDBB9 /* dvorak_challengeApp.swift */; };
		1F639FDE2B51FF2A002CDBB9 /* Assets.xcassets in Resources */ = {isa = PBXBuildFile; fileRef = 1F639FDD2B51FF2A002CDBB9 /* Assets.xcassets */; };
		1F639FE12B51FF2A002CDBB9 /* Preview Assets.xcassets in Resources */ = {isa = PBXBuildFile; fileRef = 1F639FE02B51FF2A002CDBB9 /* Preview Assets.xcassets */; };
		1F639FEA2B5201EA002CDBB9 /* MainTabBarView.swift in Sources */ = {isa = PBXBuildFile; fileRef = 1F639FE92B5201EA002CDBB9 /* MainTabBarView.swift */; };
		1F639FEC2B5205EB002CDBB9 /* DvoraIcons.swift in Sources */ = {isa = PBXBuildFile; fileRef = 1F639FEB2B5205EB002CDBB9 /* DvoraIcons.swift */; };
		1F639FEE2B520621002CDBB9 /* DvoraIcons+SwiftUI.swift in Sources */ = {isa = PBXBuildFile; fileRef = 1F639FED2B520621002CDBB9 /* DvoraIcons+SwiftUI.swift */; };
		1F639FF32B520F6F002CDBB9 /* FeedView.swift in Sources */ = {isa = PBXBuildFile; fileRef = 1F639FF22B520F6F002CDBB9 /* FeedView.swift */; };
		1F639FF52B521149002CDBB9 /* DvoraImages.swift in Sources */ = {isa = PBXBuildFile; fileRef = 1F639FF42B521149002CDBB9 /* DvoraImages.swift */; };
		1F639FF72B52115F002CDBB9 /* DvoraImages+SwiftUI.swift in Sources */ = {isa = PBXBuildFile; fileRef = 1F639FF62B52115F002CDBB9 /* DvoraImages+SwiftUI.swift */; };
		1F639FF92B5214BB002CDBB9 /* Colors.xcassets in Resources */ = {isa = PBXBuildFile; fileRef = 1F639FF82B5214BB002CDBB9 /* Colors.xcassets */; };
		1F639FFB2B5215B0002CDBB9 /* DvoraColors+SwiftUI.swift in Sources */ = {isa = PBXBuildFile; fileRef = 1F639FFA2B5215B0002CDBB9 /* DvoraColors+SwiftUI.swift */; };
		1F63A0042B521798002CDBB9 /* WelcomeView.swift in Sources */ = {isa = PBXBuildFile; fileRef = 1F63A0032B521798002CDBB9 /* WelcomeView.swift */; };
		1F63A0062B521837002CDBB9 /* WelcomeViewModel.swift in Sources */ = {isa = PBXBuildFile; fileRef = 1F63A0052B521837002CDBB9 /* WelcomeViewModel.swift */; };
		1F63A0082B5219C3002CDBB9 /* BundlesView.swift in Sources */ = {isa = PBXBuildFile; fileRef = 1F63A0072B5219C3002CDBB9 /* BundlesView.swift */; };
		1F63A00B2B5219FD002CDBB9 /* FeedItemStyleView.swift in Sources */ = {isa = PBXBuildFile; fileRef = 1F63A00A2B5219FC002CDBB9 /* FeedItemStyleView.swift */; };
		1F63A00E2B521A51002CDBB9 /* VerticalBar.swift in Sources */ = {isa = PBXBuildFile; fileRef = 1F63A00D2B521A51002CDBB9 /* VerticalBar.swift */; };
		1F63A0102B521A77002CDBB9 /* ItemHeaderView.swift in Sources */ = {isa = PBXBuildFile; fileRef = 1F63A00F2B521A77002CDBB9 /* ItemHeaderView.swift */; };
		1F63A0122B521D69002CDBB9 /* WideVerticalBannerView.swift in Sources */ = {isa = PBXBuildFile; fileRef = 1F63A0112B521D69002CDBB9 /* WideVerticalBannerView.swift */; };
		1F63A0142B521DA8002CDBB9 /* WideGradientRectangle.swift in Sources */ = {isa = PBXBuildFile; fileRef = 1F63A0132B521DA8002CDBB9 /* WideGradientRectangle.swift */; };
		1F63A0172B522000002CDBB9 /* PromotionsView.swift in Sources */ = {isa = PBXBuildFile; fileRef = 1F63A0162B522000002CDBB9 /* PromotionsView.swift */; };
		1F63A0192B52208B002CDBB9 /* WideHorizontalBannerView.swift in Sources */ = {isa = PBXBuildFile; fileRef = 1F63A0182B52208B002CDBB9 /* WideHorizontalBannerView.swift */; };
		1F63A01B2B522458002CDBB9 /* BundlesViewModel.swift in Sources */ = {isa = PBXBuildFile; fileRef = 1F63A01A2B522458002CDBB9 /* BundlesViewModel.swift */; };
		1F63A01D2B522466002CDBB9 /* PromotionsViewModel.swift in Sources */ = {isa = PBXBuildFile; fileRef = 1F63A01C2B522466002CDBB9 /* PromotionsViewModel.swift */; };
		1F63A01F2B5225D6002CDBB9 /* CoLabView.swift in Sources */ = {isa = PBXBuildFile; fileRef = 1F63A01E2B5225D6002CDBB9 /* CoLabView.swift */; };
		1F63A0212B5226C8002CDBB9 /* LeftSideImageDescriptionView.swift in Sources */ = {isa = PBXBuildFile; fileRef = 1F63A0202B5226C8002CDBB9 /* LeftSideImageDescriptionView.swift */; };
		1F63A0232B522707002CDBB9 /* CoLabViewModel.swift in Sources */ = {isa = PBXBuildFile; fileRef = 1F63A0222B522707002CDBB9 /* CoLabViewModel.swift */; };
		1F63A0252B523095002CDBB9 /* ServiceModel.swift in Sources */ = {isa = PBXBuildFile; fileRef = 1F63A0242B523095002CDBB9 /* ServiceModel.swift */; };
		1F63A0282B5230B3002CDBB9 /* ServiceDetailsModel.swift in Sources */ = {isa = PBXBuildFile; fileRef = 1F63A0272B5230B3002CDBB9 /* ServiceDetailsModel.swift */; };
		1F63A02A2B5230C7002CDBB9 /* ServicesViewModel.swift in Sources */ = {isa = PBXBuildFile; fileRef = 1F63A0292B5230C7002CDBB9 /* ServicesViewModel.swift */; };
		1F63A02C2B5230F1002CDBB9 /* ServicesView.swift in Sources */ = {isa = PBXBuildFile; fileRef = 1F63A02B2B5230F1002CDBB9 /* ServicesView.swift */; };
		1F63A02F2B523120002CDBB9 /* ServiceItemView.swift in Sources */ = {isa = PBXBuildFile; fileRef = 1F63A02E2B523120002CDBB9 /* ServiceItemView.swift */; };
		1F63A0312B52317E002CDBB9 /* ServiceDetailsView.swift in Sources */ = {isa = PBXBuildFile; fileRef = 1F63A0302B52317E002CDBB9 /* ServiceDetailsView.swift */; };
		1F63A0332B530254002CDBB9 /* EventsView.swift in Sources */ = {isa = PBXBuildFile; fileRef = 1F63A0322B530254002CDBB9 /* EventsView.swift */; };
		1F63A0352B530270002CDBB9 /* EventsViewModel.swift in Sources */ = {isa = PBXBuildFile; fileRef = 1F63A0342B530270002CDBB9 /* EventsViewModel.swift */; };
		1F63A0372B530288002CDBB9 /* EventItemModel.swift in Sources */ = {isa = PBXBuildFile; fileRef = 1F63A0362B530288002CDBB9 /* EventItemModel.swift */; };
		1F63A03A2B5302E8002CDBB9 /* EventItemView.swift in Sources */ = {isa = PBXBuildFile; fileRef = 1F63A0392B5302E8002CDBB9 /* EventItemView.swift */; };
		1F63A03C2B530311002CDBB9 /* IconDescriptionView.swift in Sources */ = {isa = PBXBuildFile; fileRef = 1F63A03B2B530311002CDBB9 /* IconDescriptionView.swift */; };
/* End PBXBuildFile section */

/* Begin PBXFileReference section */
		1F639FD62B51FF28002CDBB9 /* dvorak-challenge.app */ = {isa = PBXFileReference; explicitFileType = wrapper.application; includeInIndex = 0; path = "dvorak-challenge.app"; sourceTree = BUILT_PRODUCTS_DIR; };
		1F639FD92B51FF28002CDBB9 /* dvorak_challengeApp.swift */ = {isa = PBXFileReference; lastKnownFileType = sourcecode.swift; path = dvorak_challengeApp.swift; sourceTree = "<group>"; };
		1F639FDD2B51FF2A002CDBB9 /* Assets.xcassets */ = {isa = PBXFileReference; lastKnownFileType = folder.assetcatalog; path = Assets.xcassets; sourceTree = "<group>"; };
		1F639FE02B51FF2A002CDBB9 /* Preview Assets.xcassets */ = {isa = PBXFileReference; lastKnownFileType = folder.assetcatalog; path = "Preview Assets.xcassets"; sourceTree = "<group>"; };
		1F639FE92B5201EA002CDBB9 /* MainTabBarView.swift */ = {isa = PBXFileReference; lastKnownFileType = sourcecode.swift; path = MainTabBarView.swift; sourceTree = "<group>"; };
		1F639FEB2B5205EB002CDBB9 /* DvoraIcons.swift */ = {isa = PBXFileReference; lastKnownFileType = sourcecode.swift; path = DvoraIcons.swift; sourceTree = "<group>"; };
		1F639FED2B520621002CDBB9 /* DvoraIcons+SwiftUI.swift */ = {isa = PBXFileReference; lastKnownFileType = sourcecode.swift; path = "DvoraIcons+SwiftUI.swift"; sourceTree = "<group>"; };
		1F639FF22B520F6F002CDBB9 /* FeedView.swift */ = {isa = PBXFileReference; lastKnownFileType = sourcecode.swift; path = FeedView.swift; sourceTree = "<group>"; };
		1F639FF42B521149002CDBB9 /* DvoraImages.swift */ = {isa = PBXFileReference; lastKnownFileType = sourcecode.swift; path = DvoraImages.swift; sourceTree = "<group>"; };
		1F639FF62B52115F002CDBB9 /* DvoraImages+SwiftUI.swift */ = {isa = PBXFileReference; lastKnownFileType = sourcecode.swift; path = "DvoraImages+SwiftUI.swift"; sourceTree = "<group>"; };
		1F639FF82B5214BB002CDBB9 /* Colors.xcassets */ = {isa = PBXFileReference; lastKnownFileType = folder.assetcatalog; path = Colors.xcassets; sourceTree = "<group>"; };
		1F639FFA2B5215B0002CDBB9 /* DvoraColors+SwiftUI.swift */ = {isa = PBXFileReference; lastKnownFileType = sourcecode.swift; path = "DvoraColors+SwiftUI.swift"; sourceTree = "<group>"; };
		1F63A0032B521798002CDBB9 /* WelcomeView.swift */ = {isa = PBXFileReference; lastKnownFileType = sourcecode.swift; path = WelcomeView.swift; sourceTree = "<group>"; };
		1F63A0052B521837002CDBB9 /* WelcomeViewModel.swift */ = {isa = PBXFileReference; lastKnownFileType = sourcecode.swift; path = WelcomeViewModel.swift; sourceTree = "<group>"; };
		1F63A0072B5219C3002CDBB9 /* BundlesView.swift */ = {isa = PBXFileReference; lastKnownFileType = sourcecode.swift; path = BundlesView.swift; sourceTree = "<group>"; };
		1F63A00A2B5219FC002CDBB9 /* FeedItemStyleView.swift */ = {isa = PBXFileReference; lastKnownFileType = sourcecode.swift; path = FeedItemStyleView.swift; sourceTree = "<group>"; };
		1F63A00D2B521A51002CDBB9 /* VerticalBar.swift */ = {isa = PBXFileReference; lastKnownFileType = sourcecode.swift; path = VerticalBar.swift; sourceTree = "<group>"; };
		1F63A00F2B521A77002CDBB9 /* ItemHeaderView.swift */ = {isa = PBXFileReference; lastKnownFileType = sourcecode.swift; path = ItemHeaderView.swift; sourceTree = "<group>"; };
		1F63A0112B521D69002CDBB9 /* WideVerticalBannerView.swift */ = {isa = PBXFileReference; lastKnownFileType = sourcecode.swift; path = WideVerticalBannerView.swift; sourceTree = "<group>"; };
		1F63A0132B521DA8002CDBB9 /* WideGradientRectangle.swift */ = {isa = PBXFileReference; lastKnownFileType = sourcecode.swift; path = WideGradientRectangle.swift; sourceTree = "<group>"; };
		1F63A0162B522000002CDBB9 /* PromotionsView.swift */ = {isa = PBXFileReference; lastKnownFileType = sourcecode.swift; path = PromotionsView.swift; sourceTree = "<group>"; };
		1F63A0182B52208B002CDBB9 /* WideHorizontalBannerView.swift */ = {isa = PBXFileReference; lastKnownFileType = sourcecode.swift; path = WideHorizontalBannerView.swift; sourceTree = "<group>"; };
		1F63A01A2B522458002CDBB9 /* BundlesViewModel.swift */ = {isa = PBXFileReference; lastKnownFileType = sourcecode.swift; path = BundlesViewModel.swift; sourceTree = "<group>"; };
		1F63A01C2B522466002CDBB9 /* PromotionsViewModel.swift */ = {isa = PBXFileReference; lastKnownFileType = sourcecode.swift; path = PromotionsViewModel.swift; sourceTree = "<group>"; };
		1F63A01E2B5225D6002CDBB9 /* CoLabView.swift */ = {isa = PBXFileReference; lastKnownFileType = sourcecode.swift; path = CoLabView.swift; sourceTree = "<group>"; };
		1F63A0202B5226C8002CDBB9 /* LeftSideImageDescriptionView.swift */ = {isa = PBXFileReference; lastKnownFileType = sourcecode.swift; path = LeftSideImageDescriptionView.swift; sourceTree = "<group>"; };
		1F63A0222B522707002CDBB9 /* CoLabViewModel.swift */ = {isa = PBXFileReference; lastKnownFileType = sourcecode.swift; path = CoLabViewModel.swift; sourceTree = "<group>"; };
		1F63A0242B523095002CDBB9 /* ServiceModel.swift */ = {isa = PBXFileReference; lastKnownFileType = sourcecode.swift; path = ServiceModel.swift; sourceTree = "<group>"; };
		1F63A0272B5230B3002CDBB9 /* ServiceDetailsModel.swift */ = {isa = PBXFileReference; lastKnownFileType = sourcecode.swift; path = ServiceDetailsModel.swift; sourceTree = "<group>"; };
		1F63A0292B5230C7002CDBB9 /* ServicesViewModel.swift */ = {isa = PBXFileReference; lastKnownFileType = sourcecode.swift; path = ServicesViewModel.swift; sourceTree = "<group>"; };
		1F63A02B2B5230F1002CDBB9 /* ServicesView.swift */ = {isa = PBXFileReference; lastKnownFileType = sourcecode.swift; path = ServicesView.swift; sourceTree = "<group>"; };
		1F63A02E2B523120002CDBB9 /* ServiceItemView.swift */ = {isa = PBXFileReference; lastKnownFileType = sourcecode.swift; path = ServiceItemView.swift; sourceTree = "<group>"; };
		1F63A0302B52317E002CDBB9 /* ServiceDetailsView.swift */ = {isa = PBXFileReference; lastKnownFileType = sourcecode.swift; path = ServiceDetailsView.swift; sourceTree = "<group>"; };
		1F63A0322B530254002CDBB9 /* EventsView.swift */ = {isa = PBXFileReference; lastKnownFileType = sourcecode.swift; path = EventsView.swift; sourceTree = "<group>"; };
		1F63A0342B530270002CDBB9 /* EventsViewModel.swift */ = {isa = PBXFileReference; lastKnownFileType = sourcecode.swift; path = EventsViewModel.swift; sourceTree = "<group>"; };
		1F63A0362B530288002CDBB9 /* EventItemModel.swift */ = {isa = PBXFileReference; lastKnownFileType = sourcecode.swift; path = EventItemModel.swift; sourceTree = "<group>"; };
		1F63A0392B5302E8002CDBB9 /* EventItemView.swift */ = {isa = PBXFileReference; lastKnownFileType = sourcecode.swift; path = EventItemView.swift; sourceTree = "<group>"; };
		1F63A03B2B530311002CDBB9 /* IconDescriptionView.swift */ = {isa = PBXFileReference; lastKnownFileType = sourcecode.swift; path = IconDescriptionView.swift; sourceTree = "<group>"; };
/* End PBXFileReference section */

/* Begin PBXFrameworksBuildPhase section */
		1F639FD32B51FF28002CDBB9 /* Frameworks */ = {
			isa = PBXFrameworksBuildPhase;
			buildActionMask = 2147483647;
			files = (
			);
			runOnlyForDeploymentPostprocessing = 0;
		};
/* End PBXFrameworksBuildPhase section */

/* Begin PBXGroup section */
		1F639FCD2B51FF28002CDBB9 = {
			isa = PBXGroup;
			children = (
				1F639FD82B51FF28002CDBB9 /* dvorak-challenge */,
				1F639FD72B51FF28002CDBB9 /* Products */,
			);
			sourceTree = "<group>";
		};
		1F639FD72B51FF28002CDBB9 /* Products */ = {
			isa = PBXGroup;
			children = (
				1F639FD62B51FF28002CDBB9 /* dvorak-challenge.app */,
			);
			name = Products;
			sourceTree = "<group>";
		};
		1F639FD82B51FF28002CDBB9 /* dvorak-challenge */ = {
			isa = PBXGroup;
			children = (
				1F639FEF2B52064F002CDBB9 /* DS */,
				1F639FE92B5201EA002CDBB9 /* MainTabBarView.swift */,
				1F639FFC2B521729002CDBB9 /* Feed */,
				1F639FD92B51FF28002CDBB9 /* dvorak_challengeApp.swift */,
				1F639FDD2B51FF2A002CDBB9 /* Assets.xcassets */,
				1F639FF82B5214BB002CDBB9 /* Colors.xcassets */,
				1F639FDF2B51FF2A002CDBB9 /* Preview Content */,
			);
			path = "dvorak-challenge";
			sourceTree = "<group>";
		};
		1F639FDF2B51FF2A002CDBB9 /* Preview Content */ = {
			isa = PBXGroup;
			children = (
				1F639FE02B51FF2A002CDBB9 /* Preview Assets.xcassets */,
			);
			path = "Preview Content";
			sourceTree = "<group>";
		};
		1F639FEF2B52064F002CDBB9 /* DS */ = {
			isa = PBXGroup;
			children = (
				1F63A00C2B521A32002CDBB9 /* UI */,
				1F639FEB2B5205EB002CDBB9 /* DvoraIcons.swift */,
				1F639FED2B520621002CDBB9 /* DvoraIcons+SwiftUI.swift */,
				1F639FF42B521149002CDBB9 /* DvoraImages.swift */,
				1F639FF62B52115F002CDBB9 /* DvoraImages+SwiftUI.swift */,
				1F639FFA2B5215B0002CDBB9 /* DvoraColors+SwiftUI.swift */,
			);
			path = DS;
			sourceTree = "<group>";
		};
		1F639FFC2B521729002CDBB9 /* Feed */ = {
			isa = PBXGroup;
			children = (
				1F63A0092B5219DE002CDBB9 /* Common */,
				1F63A0152B521F6F002CDBB9 /* Components */,
				1F639FF22B520F6F002CDBB9 /* FeedView.swift */,
			);
			path = Feed;
			sourceTree = "<group>";
		};
		1F639FFD2B521742002CDBB9 /* Welcome */ = {
			isa = PBXGroup;
			children = (
				1F63A0032B521798002CDBB9 /* WelcomeView.swift */,
				1F63A0052B521837002CDBB9 /* WelcomeViewModel.swift */,
			);
			path = Welcome;
			sourceTree = "<group>";
		};
		1F639FFE2B521748002CDBB9 /* Events */ = {
			isa = PBXGroup;
			children = (
				1F63A0382B5302DA002CDBB9 /* Items */,
				1F63A0322B530254002CDBB9 /* EventsView.swift */,
				1F63A0342B530270002CDBB9 /* EventsViewModel.swift */,
				1F63A0362B530288002CDBB9 /* EventItemModel.swift */,
			);
			path = Events;
			sourceTree = "<group>";
		};
		1F639FFF2B52174C002CDBB9 /* Bundles */ = {
			isa = PBXGroup;
			children = (
				1F63A0072B5219C3002CDBB9 /* BundlesView.swift */,
				1F63A01A2B522458002CDBB9 /* BundlesViewModel.swift */,
			);
			path = Bundles;
			sourceTree = "<group>";
		};
		1F63A0002B521752002CDBB9 /* Promotions */ = {
			isa = PBXGroup;
			children = (
				1F63A0162B522000002CDBB9 /* PromotionsView.swift */,
				1F63A01C2B522466002CDBB9 /* PromotionsViewModel.swift */,
			);
			path = Promotions;
			sourceTree = "<group>";
		};
		1F63A0012B521757002CDBB9 /* CoLabView */ = {
			isa = PBXGroup;
			children = (
				1F63A01E2B5225D6002CDBB9 /* CoLabView.swift */,
				1F63A0222B522707002CDBB9 /* CoLabViewModel.swift */,
			);
			path = CoLabView;
			sourceTree = "<group>";
		};
		1F63A0022B52175D002CDBB9 /* Services */ = {
			isa = PBXGroup;
			children = (
				1F63A02D2B523117002CDBB9 /* Items */,
				1F63A0262B52309D002CDBB9 /* Details */,
				1F63A0242B523095002CDBB9 /* ServiceModel.swift */,
				1F63A0292B5230C7002CDBB9 /* ServicesViewModel.swift */,
				1F63A02B2B5230F1002CDBB9 /* ServicesView.swift */,
			);
			path = Services;
			sourceTree = "<group>";
		};
		1F63A0092B5219DE002CDBB9 /* Common */ = {
			isa = PBXGroup;
			children = (
				1F63A00A2B5219FC002CDBB9 /* FeedItemStyleView.swift */,
			);
			path = Common;
			sourceTree = "<group>";
		};
		1F63A00C2B521A32002CDBB9 /* UI */ = {
			isa = PBXGroup;
			children = (
				1F63A00D2B521A51002CDBB9 /* VerticalBar.swift */,
				1F63A00F2B521A77002CDBB9 /* ItemHeaderView.swift */,
				1F63A0112B521D69002CDBB9 /* WideVerticalBannerView.swift */,
				1F63A0132B521DA8002CDBB9 /* WideGradientRectangle.swift */,
				1F63A0182B52208B002CDBB9 /* WideHorizontalBannerView.swift */,
				1F63A0202B5226C8002CDBB9 /* LeftSideImageDescriptionView.swift */,
				1F63A03B2B530311002CDBB9 /* IconDescriptionView.swift */,
			);
			path = UI;
			sourceTree = "<group>";
		};
		1F63A0152B521F6F002CDBB9 /* Components */ = {
			isa = PBXGroup;
			children = (
				1F639FFD2B521742002CDBB9 /* Welcome */,
				1F639FFE2B521748002CDBB9 /* Events */,
				1F639FFF2B52174C002CDBB9 /* Bundles */,
				1F63A0002B521752002CDBB9 /* Promotions */,
				1F63A0012B521757002CDBB9 /* CoLabView */,
				1F63A0022B52175D002CDBB9 /* Services */,
			);
			path = Components;
			sourceTree = "<group>";
		};
		1F63A0262B52309D002CDBB9 /* Details */ = {
			isa = PBXGroup;
			children = (
				1F63A0272B5230B3002CDBB9 /* ServiceDetailsModel.swift */,
				1F63A0302B52317E002CDBB9 /* ServiceDetailsView.swift */,
			);
			path = Details;
			sourceTree = "<group>";
		};
		1F63A02D2B523117002CDBB9 /* Items */ = {
			isa = PBXGroup;
			children = (
				1F63A02E2B523120002CDBB9 /* ServiceItemView.swift */,
			);
			path = Items;
			sourceTree = "<group>";
		};
		1F63A0382B5302DA002CDBB9 /* Items */ = {
			isa = PBXGroup;
			children = (
				1F63A0392B5302E8002CDBB9 /* EventItemView.swift */,
			);
			path = Items;
			sourceTree = "<group>";
		};
/* End PBXGroup section */

/* Begin PBXNativeTarget section */
		1F639FD52B51FF28002CDBB9 /* dvorak-challenge */ = {
			isa = PBXNativeTarget;
			buildConfigurationList = 1F639FE42B51FF2A002CDBB9 /* Build configuration list for PBXNativeTarget "dvorak-challenge" */;
			buildPhases = (
				1F639FD22B51FF28002CDBB9 /* Sources */,
				1F639FD32B51FF28002CDBB9 /* Frameworks */,
				1F639FD42B51FF28002CDBB9 /* Resources */,
			);
			buildRules = (
			);
			dependencies = (
			);
			name = "dvorak-challenge";
			productName = "dvorak-challenge";
			productReference = 1F639FD62B51FF28002CDBB9 /* dvorak-challenge.app */;
			productType = "com.apple.product-type.application";
		};
/* End PBXNativeTarget section */

/* Begin PBXProject section */
		1F639FCE2B51FF28002CDBB9 /* Project object */ = {
			isa = PBXProject;
			attributes = {
				BuildIndependentTargetsInParallel = 1;
				LastSwiftUpdateCheck = 1520;
				LastUpgradeCheck = 1520;
				TargetAttributes = {
					1F639FD52B51FF28002CDBB9 = {
						CreatedOnToolsVersion = 15.2;
					};
				};
			};
			buildConfigurationList = 1F639FD12B51FF28002CDBB9 /* Build configuration list for PBXProject "dvorak-challenge" */;
			compatibilityVersion = "Xcode 14.0";
			developmentRegion = en;
			hasScannedForEncodings = 0;
			knownRegions = (
				en,
				Base,
			);
			mainGroup = 1F639FCD2B51FF28002CDBB9;
			productRefGroup = 1F639FD72B51FF28002CDBB9 /* Products */;
			projectDirPath = "";
			projectRoot = "";
			targets = (
				1F639FD52B51FF28002CDBB9 /* dvorak-challenge */,
			);
		};
/* End PBXProject section */

/* Begin PBXResourcesBuildPhase section */
		1F639FD42B51FF28002CDBB9 /* Resources */ = {
			isa = PBXResourcesBuildPhase;
			buildActionMask = 2147483647;
			files = (
				1F639FF92B5214BB002CDBB9 /* Colors.xcassets in Resources */,
				1F639FE12B51FF2A002CDBB9 /* Preview Assets.xcassets in Resources */,
				1F639FDE2B51FF2A002CDBB9 /* Assets.xcassets in Resources */,
			);
			runOnlyForDeploymentPostprocessing = 0;
		};
/* End PBXResourcesBuildPhase section */

/* Begin PBXSourcesBuildPhase section */
		1F639FD22B51FF28002CDBB9 /* Sources */ = {
			isa = PBXSourcesBuildPhase;
			buildActionMask = 2147483647;
			files = (
				1F63A02A2B5230C7002CDBB9 /* ServicesViewModel.swift in Sources */,
				1F639FF52B521149002CDBB9 /* DvoraImages.swift in Sources */,
				1F63A0062B521837002CDBB9 /* WelcomeViewModel.swift in Sources */,
				1F63A0142B521DA8002CDBB9 /* WideGradientRectangle.swift in Sources */,
				1F63A01B2B522458002CDBB9 /* BundlesViewModel.swift in Sources */,
				1F639FF32B520F6F002CDBB9 /* FeedView.swift in Sources */,
				1F63A0352B530270002CDBB9 /* EventsViewModel.swift in Sources */,
				1F639FFB2B5215B0002CDBB9 /* DvoraColors+SwiftUI.swift in Sources */,
				1F63A0122B521D69002CDBB9 /* WideVerticalBannerView.swift in Sources */,
				1F63A0252B523095002CDBB9 /* ServiceModel.swift in Sources */,
				1F639FEC2B5205EB002CDBB9 /* DvoraIcons.swift in Sources */,
				1F63A00B2B5219FD002CDBB9 /* FeedItemStyleView.swift in Sources */,
				1F63A0332B530254002CDBB9 /* EventsView.swift in Sources */,
				1F63A0042B521798002CDBB9 /* WelcomeView.swift in Sources */,
				1F63A0172B522000002CDBB9 /* PromotionsView.swift in Sources */,
				1F63A0212B5226C8002CDBB9 /* LeftSideImageDescriptionView.swift in Sources */,
				1F639FEE2B520621002CDBB9 /* DvoraIcons+SwiftUI.swift in Sources */,
				1F63A0372B530288002CDBB9 /* EventItemModel.swift in Sources */,
				1F63A02F2B523120002CDBB9 /* ServiceItemView.swift in Sources */,
				1F63A0192B52208B002CDBB9 /* WideHorizontalBannerView.swift in Sources */,
				1F639FF72B52115F002CDBB9 /* DvoraImages+SwiftUI.swift in Sources */,
				1F63A01F2B5225D6002CDBB9 /* CoLabView.swift in Sources */,
				1F63A01D2B522466002CDBB9 /* PromotionsViewModel.swift in Sources */,
				1F63A0282B5230B3002CDBB9 /* ServiceDetailsModel.swift in Sources */,
				1F63A0312B52317E002CDBB9 /* ServiceDetailsView.swift in Sources */,
				1F63A0082B5219C3002CDBB9 /* BundlesView.swift in Sources */,
				1F63A03C2B530311002CDBB9 /* IconDescriptionView.swift in Sources */,
				1F63A0102B521A77002CDBB9 /* ItemHeaderView.swift in Sources */,
				1F63A03A2B5302E8002CDBB9 /* EventItemView.swift in Sources */,
				1F639FDA2B51FF28002CDBB9 /* dvorak_challengeApp.swift in Sources */,
				1F63A02C2B5230F1002CDBB9 /* ServicesView.swift in Sources */,
				1F63A00E2B521A51002CDBB9 /* VerticalBar.swift in Sources */,
				1F63A0232B522707002CDBB9 /* CoLabViewModel.swift in Sources */,
				1F639FEA2B5201EA002CDBB9 /* MainTabBarView.swift in Sources */,
			);
			runOnlyForDeploymentPostprocessing = 0;
		};
/* End PBXSourcesBuildPhase section */

/* Begin XCBuildConfiguration section */
		1F639FE22B51FF2A002CDBB9 /* Debug */ = {
			isa = XCBuildConfiguration;
			buildSettings = {
				ALWAYS_SEARCH_USER_PATHS = NO;
				ASSETCATALOG_COMPILER_GENERATE_SWIFT_ASSET_SYMBOL_EXTENSIONS = YES;
				CLANG_ANALYZER_NONNULL = YES;
				CLANG_ANALYZER_NUMBER_OBJECT_CONVERSION = YES_AGGRESSIVE;
				CLANG_CXX_LANGUAGE_STANDARD = "gnu++20";
				CLANG_ENABLE_MODULES = YES;
				CLANG_ENABLE_OBJC_ARC = YES;
				CLANG_ENABLE_OBJC_WEAK = YES;
				CLANG_WARN_BLOCK_CAPTURE_AUTORELEASING = YES;
				CLANG_WARN_BOOL_CONVERSION = YES;
				CLANG_WARN_COMMA = YES;
				CLANG_WARN_CONSTANT_CONVERSION = YES;
				CLANG_WARN_DEPRECATED_OBJC_IMPLEMENTATIONS = YES;
				CLANG_WARN_DIRECT_OBJC_ISA_USAGE = YES_ERROR;
				CLANG_WARN_DOCUMENTATION_COMMENTS = YES;
				CLANG_WARN_EMPTY_BODY = YES;
				CLANG_WARN_ENUM_CONVERSION = YES;
				CLANG_WARN_INFINITE_RECURSION = YES;
				CLANG_WARN_INT_CONVERSION = YES;
				CLANG_WARN_NON_LITERAL_NULL_CONVERSION = YES;
				CLANG_WARN_OBJC_IMPLICIT_RETAIN_SELF = YES;
				CLANG_WARN_OBJC_LITERAL_CONVERSION = YES;
				CLANG_WARN_OBJC_ROOT_CLASS = YES_ERROR;
				CLANG_WARN_QUOTED_INCLUDE_IN_FRAMEWORK_HEADER = YES;
				CLANG_WARN_RANGE_LOOP_ANALYSIS = YES;
				CLANG_WARN_STRICT_PROTOTYPES = YES;
				CLANG_WARN_SUSPICIOUS_MOVE = YES;
				CLANG_WARN_UNGUARDED_AVAILABILITY = YES_AGGRESSIVE;
				CLANG_WARN_UNREACHABLE_CODE = YES;
				CLANG_WARN__DUPLICATE_METHOD_MATCH = YES;
				COPY_PHASE_STRIP = NO;
				DEBUG_INFORMATION_FORMAT = dwarf;
				ENABLE_STRICT_OBJC_MSGSEND = YES;
				ENABLE_TESTABILITY = YES;
				ENABLE_USER_SCRIPT_SANDBOXING = YES;
				GCC_C_LANGUAGE_STANDARD = gnu17;
				GCC_DYNAMIC_NO_PIC = NO;
				GCC_NO_COMMON_BLOCKS = YES;
				GCC_OPTIMIZATION_LEVEL = 0;
				GCC_PREPROCESSOR_DEFINITIONS = (
					"DEBUG=1",
					"$(inherited)",
				);
				GCC_WARN_64_TO_32_BIT_CONVERSION = YES;
				GCC_WARN_ABOUT_RETURN_TYPE = YES_ERROR;
				GCC_WARN_UNDECLARED_SELECTOR = YES;
				GCC_WARN_UNINITIALIZED_AUTOS = YES_AGGRESSIVE;
				GCC_WARN_UNUSED_FUNCTION = YES;
				GCC_WARN_UNUSED_VARIABLE = YES;
				IPHONEOS_DEPLOYMENT_TARGET = 15.0;
				LOCALIZATION_PREFERS_STRING_CATALOGS = YES;
				MTL_ENABLE_DEBUG_INFO = INCLUDE_SOURCE;
				MTL_FAST_MATH = YES;
				ONLY_ACTIVE_ARCH = YES;
				SDKROOT = iphoneos;
				SWIFT_ACTIVE_COMPILATION_CONDITIONS = "DEBUG $(inherited)";
				SWIFT_OPTIMIZATION_LEVEL = "-Onone";
			};
			name = Debug;
		};
		1F639FE32B51FF2A002CDBB9 /* Release */ = {
			isa = XCBuildConfiguration;
			buildSettings = {
				ALWAYS_SEARCH_USER_PATHS = NO;
				ASSETCATALOG_COMPILER_GENERATE_SWIFT_ASSET_SYMBOL_EXTENSIONS = YES;
				CLANG_ANALYZER_NONNULL = YES;
				CLANG_ANALYZER_NUMBER_OBJECT_CONVERSION = YES_AGGRESSIVE;
				CLANG_CXX_LANGUAGE_STANDARD = "gnu++20";
				CLANG_ENABLE_MODULES = YES;
				CLANG_ENABLE_OBJC_ARC = YES;
				CLANG_ENABLE_OBJC_WEAK = YES;
				CLANG_WARN_BLOCK_CAPTURE_AUTORELEASING = YES;
				CLANG_WARN_BOOL_CONVERSION = YES;
				CLANG_WARN_COMMA = YES;
				CLANG_WARN_CONSTANT_CONVERSION = YES;
				CLANG_WARN_DEPRECATED_OBJC_IMPLEMENTATIONS = YES;
				CLANG_WARN_DIRECT_OBJC_ISA_USAGE = YES_ERROR;
				CLANG_WARN_DOCUMENTATION_COMMENTS = YES;
				CLANG_WARN_EMPTY_BODY = YES;
				CLANG_WARN_ENUM_CONVERSION = YES;
				CLANG_WARN_INFINITE_RECURSION = YES;
				CLANG_WARN_INT_CONVERSION = YES;
				CLANG_WARN_NON_LITERAL_NULL_CONVERSION = YES;
				CLANG_WARN_OBJC_IMPLICIT_RETAIN_SELF = YES;
				CLANG_WARN_OBJC_LITERAL_CONVERSION = YES;
				CLANG_WARN_OBJC_ROOT_CLASS = YES_ERROR;
				CLANG_WARN_QUOTED_INCLUDE_IN_FRAMEWORK_HEADER = YES;
				CLANG_WARN_RANGE_LOOP_ANALYSIS = YES;
				CLANG_WARN_STRICT_PROTOTYPES = YES;
				CLANG_WARN_SUSPICIOUS_MOVE = YES;
				CLANG_WARN_UNGUARDED_AVAILABILITY = YES_AGGRESSIVE;
				CLANG_WARN_UNREACHABLE_CODE = YES;
				CLANG_WARN__DUPLICATE_METHOD_MATCH = YES;
				COPY_PHASE_STRIP = NO;
				DEBUG_INFORMATION_FORMAT = "dwarf-with-dsym";
				ENABLE_NS_ASSERTIONS = NO;
				ENABLE_STRICT_OBJC_MSGSEND = YES;
				ENABLE_USER_SCRIPT_SANDBOXING = YES;
				GCC_C_LANGUAGE_STANDARD = gnu17;
				GCC_NO_COMMON_BLOCKS = YES;
				GCC_WARN_64_TO_32_BIT_CONVERSION = YES;
				GCC_WARN_ABOUT_RETURN_TYPE = YES_ERROR;
				GCC_WARN_UNDECLARED_SELECTOR = YES;
				GCC_WARN_UNINITIALIZED_AUTOS = YES_AGGRESSIVE;
				GCC_WARN_UNUSED_FUNCTION = YES;
				GCC_WARN_UNUSED_VARIABLE = YES;
				IPHONEOS_DEPLOYMENT_TARGET = 15.0;
				LOCALIZATION_PREFERS_STRING_CATALOGS = YES;
				MTL_ENABLE_DEBUG_INFO = NO;
				MTL_FAST_MATH = YES;
				SDKROOT = iphoneos;
				SWIFT_COMPILATION_MODE = wholemodule;
				VALIDATE_PRODUCT = YES;
			};
			name = Release;
		};
		1F639FE52B51FF2A002CDBB9 /* Debug */ = {
			isa = XCBuildConfiguration;
			buildSettings = {
				ASSETCATALOG_COMPILER_APPICON_NAME = AppIcon;
				ASSETCATALOG_COMPILER_GLOBAL_ACCENT_COLOR_NAME = AccentColor;
				CODE_SIGN_STYLE = Automatic;
				CURRENT_PROJECT_VERSION = 1;
				DEVELOPMENT_ASSET_PATHS = "\"dvorak-challenge/Preview Content\"";
				DEVELOPMENT_TEAM = L3T5JNALVT;
				ENABLE_PREVIEWS = YES;
				GENERATE_INFOPLIST_FILE = YES;
				INFOPLIST_KEY_UIApplicationSceneManifest_Generation = YES;
				INFOPLIST_KEY_UIApplicationSupportsIndirectInputEvents = YES;
				INFOPLIST_KEY_UILaunchScreen_Generation = YES;
				INFOPLIST_KEY_UISupportedInterfaceOrientations_iPad = "UIInterfaceOrientationPortrait UIInterfaceOrientationPortraitUpsideDown UIInterfaceOrientationLandscapeLeft UIInterfaceOrientationLandscapeRight";
				INFOPLIST_KEY_UISupportedInterfaceOrientations_iPhone = "UIInterfaceOrientationPortrait UIInterfaceOrientationLandscapeLeft UIInterfaceOrientationLandscapeRight";
				LD_RUNPATH_SEARCH_PATHS = (
					"$(inherited)",
					"@executable_path/Frameworks",
				);
				MARKETING_VERSION = 1.0;
				PRODUCT_BUNDLE_IDENTIFIER = "com.heguchi.dvorak-challenge";
				PRODUCT_NAME = "$(TARGET_NAME)";
				SWIFT_EMIT_LOC_STRINGS = YES;
				SWIFT_VERSION = 5.0;
				TARGETED_DEVICE_FAMILY = "1,2";
			};
			name = Debug;
		};
		1F639FE62B51FF2A002CDBB9 /* Release */ = {
			isa = XCBuildConfiguration;
			buildSettings = {
				ASSETCATALOG_COMPILER_APPICON_NAME = AppIcon;
				ASSETCATALOG_COMPILER_GLOBAL_ACCENT_COLOR_NAME = AccentColor;
				CODE_SIGN_STYLE = Automatic;
				CURRENT_PROJECT_VERSION = 1;
				DEVELOPMENT_ASSET_PATHS = "\"dvorak-challenge/Preview Content\"";
				DEVELOPMENT_TEAM = L3T5JNALVT;
				ENABLE_PREVIEWS = YES;
				GENERATE_INFOPLIST_FILE = YES;
				INFOPLIST_KEY_UIApplicationSceneManifest_Generation = YES;
				INFOPLIST_KEY_UIApplicationSupportsIndirectInputEvents = YES;
				INFOPLIST_KEY_UILaunchScreen_Generation = YES;
				INFOPLIST_KEY_UISupportedInterfaceOrientations_iPad = "UIInterfaceOrientationPortrait UIInterfaceOrientationPortraitUpsideDown UIInterfaceOrientationLandscapeLeft UIInterfaceOrientationLandscapeRight";
				INFOPLIST_KEY_UISupportedInterfaceOrientations_iPhone = "UIInterfaceOrientationPortrait UIInterfaceOrientationLandscapeLeft UIInterfaceOrientationLandscapeRight";
				LD_RUNPATH_SEARCH_PATHS = (
					"$(inherited)",
					"@executable_path/Frameworks",
				);
				MARKETING_VERSION = 1.0;
				PRODUCT_BUNDLE_IDENTIFIER = "com.heguchi.dvorak-challenge";
				PRODUCT_NAME = "$(TARGET_NAME)";
				SWIFT_EMIT_LOC_STRINGS = YES;
				SWIFT_VERSION = 5.0;
				TARGETED_DEVICE_FAMILY = "1,2";
			};
			name = Release;
		};
/* End XCBuildConfiguration section */

/* Begin XCConfigurationList section */
		1F639FD12B51FF28002CDBB9 /* Build configuration list for PBXProject "dvorak-challenge" */ = {
			isa = XCConfigurationList;
			buildConfigurations = (
				1F639FE22B51FF2A002CDBB9 /* Debug */,
				1F639FE32B51FF2A002CDBB9 /* Release */,
			);
			defaultConfigurationIsVisible = 0;
			defaultConfigurationName = Release;
		};
		1F639FE42B51FF2A002CDBB9 /* Build configuration list for PBXNativeTarget "dvorak-challenge" */ = {
			isa = XCConfigurationList;
			buildConfigurations = (
				1F639FE52B51FF2A002CDBB9 /* Debug */,
				1F639FE62B51FF2A002CDBB9 /* Release */,
			);
			defaultConfigurationIsVisible = 0;
			defaultConfigurationName = Release;
		};
/* End XCConfigurationList section */
	};
	rootObject = 1F639FCE2B51FF28002CDBB9 /* Project object */;
}
